
Microsoft Visual Studio Solution File, Format Version 12.00
# Visual Studio 15
VisualStudioVersion = 15.0.28010.0
MinimumVisualStudioVersion = 10.0.40219.1
Project("{FAE04EC0-301F-11D3-BF4B-00C04F79EFBC}") = "DevAPI", "DevAPI\DevAPI.csproj", "{86D39C3D-A4FC-4DC8-A0FB-A1D4386BF24F}"
EndProject
Project("{FAE04EC0-301F-11D3-BF4B-00C04F79EFBC}") = "ConfigurationLibrary", "ConfigurationLibrary\ConfigurationLibrary.csproj", "{7F9F12E7-DD24-4264-8B06-E3ACE0BE1343}"
EndProject
Project("{FAE04EC0-301F-11D3-BF4B-00C04F79EFBC}") = "ConsoleUI", "ConsoleUI\ConsoleUI.csproj", "{573B46D4-BC40-469E-BEB2-8E4D13810638}"
EndProject
Project("{FAE04EC0-301F-11D3-BF4B-00C04F79EFBC}") = "DashboardUI", "DashboardUI\DashboardUI.csproj", "{04097839-77C7-4DBA-99DC-7DB2D9CD1CEC}"
EndProject
Project("{FAE04EC0-301F-11D3-BF4B-00C04F79EFBC}") = "MediaMaintenanceLibrary", "MediaMaintenanceLibrary\MediaMaintenanceLibrary.csproj", "{F44501EB-8829-40DD-B986-0F2E1D27A07E}"
EndProject
Project("{FAE04EC0-301F-11D3-BF4B-00C04F79EFBC}") = "SortWatchdog", "SortWatchdog\SortWatchdog.csproj", "{6C6880E2-5E82-4A5E-AC4F-72F7B2ED0B31}"
EndProject
Project("{FAE04EC0-301F-11D3-BF4B-00C04F79EFBC}") = "TwilioDemo", "TwilioDemo\TwilioDemo.csproj", "{E67C8F44-4DAF-4BEE-97F7-2121EEF733DD}"
EndProject
Global
	GlobalSection(SolutionConfigurationPlatforms) = preSolution
		Debug|Any CPU = Debug|Any CPU
		Release|Any CPU = Release|Any CPU
	EndGlobalSection
	GlobalSection(ProjectConfigurationPlatforms) = postSolution
		{86D39C3D-A4FC-4DC8-A0FB-A1D4386BF24F}.Debug|Any CPU.ActiveCfg = Debug|Any CPU
		{86D39C3D-A4FC-4DC8-A0FB-A1D4386BF24F}.Debug|Any CPU.Build.0 = Debug|Any CPU
		{86D39C3D-A4FC-4DC8-A0FB-A1D4386BF24F}.Release|Any CPU.ActiveCfg = Release|Any CPU
		{86D39C3D-A4FC-4DC8-A0FB-A1D4386BF24F}.Release|Any CPU.Build.0 = Release|Any CPU
		{7F9F12E7-DD24-4264-8B06-E3ACE0BE1343}.Debug|Any CPU.ActiveCfg = Debug|Any CPU
		{7F9F12E7-DD24-4264-8B06-E3ACE0BE1343}.Debug|Any CPU.Build.0 = Debug|Any CPU
		{7F9F12E7-DD24-4264-8B06-E3ACE0BE1343}.Release|Any CPU.ActiveCfg = Release|Any CPU
		{7F9F12E7-DD24-4264-8B06-E3ACE0BE1343}.Release|Any CPU.Build.0 = Release|Any CPU
		{573B46D4-BC40-469E-BEB2-8E4D13810638}.Debug|Any CPU.ActiveCfg = Debug|Any CPU
		{573B46D4-BC40-469E-BEB2-8E4D13810638}.Debug|Any CPU.Build.0 = Debug|Any CPU
		{573B46D4-BC40-469E-BEB2-8E4D13810638}.Release|Any CPU.ActiveCfg = Release|Any CPU
		{573B46D4-BC40-469E-BEB2-8E4D13810638}.Release|Any CPU.Build.0 = Release|Any CPU
		{04097839-77C7-4DBA-99DC-7DB2D9CD1CEC}.Debug|Any CPU.ActiveCfg = Debug|Any CPU
		{04097839-77C7-4DBA-99DC-7DB2D9CD1CEC}.Debug|Any CPU.Build.0 = Debug|Any CPU
		{04097839-77C7-4DBA-99DC-7DB2D9CD1CEC}.Release|Any CPU.ActiveCfg = Release|Any CPU
		{04097839-77C7-4DBA-99DC-7DB2D9CD1CEC}.Release|Any CPU.Build.0 = Release|Any CPU
		{F44501EB-8829-40DD-B986-0F2E1D27A07E}.Debug|Any CPU.ActiveCfg = Debug|Any CPU
		{F44501EB-8829-40DD-B986-0F2E1D27A07E}.Debug|Any CPU.Build.0 = Debug|Any CPU
		{F44501EB-8829-40DD-B986-0F2E1D27A07E}.Release|Any CPU.ActiveCfg = Release|Any CPU
		{F44501EB-8829-40DD-B986-0F2E1D27A07E}.Release|Any CPU.Build.0 = Release|Any CPU
		{6C6880E2-5E82-4A5E-AC4F-72F7B2ED0B31}.Debug|Any CPU.ActiveCfg = Debug|Any CPU
		{6C6880E2-5E82-4A5E-AC4F-72F7B2ED0B31}.Debug|Any CPU.Build.0 = Debug|Any CPU
		{6C6880E2-5E82-4A5E-AC4F-72F7B2ED0B31}.Release|Any CPU.ActiveCfg = Release|Any CPU
		{6C6880E2-5E82-4A5E-AC4F-72F7B2ED0B31}.Release|Any CPU.Build.0 = Release|Any CPU
		{E67C8F44-4DAF-4BEE-97F7-2121EEF733DD}.Debug|Any CPU.ActiveCfg = Debug|Any CPU
		{E67C8F44-4DAF-4BEE-97F7-2121EEF733DD}.Debug|Any CPU.Build.0 = Debug|Any CPU
		{E67C8F44-4DAF-4BEE-97F7-2121EEF733DD}.Release|Any CPU.ActiveCfg = Release|Any CPU
		{E67C8F44-4DAF-4BEE-97F7-2121EEF733DD}.Release|Any CPU.Build.0 = Release|Any CPU
	EndGlobalSection
	GlobalSection(SolutionProperties) = preSolution
		HideSolutionNode = FALSE
	EndGlobalSection
	GlobalSection(ExtensibilityGlobals) = postSolution
		SolutionGuid = {CE95D66B-73D2-43E6-B0F1-EA4628A46DC6}
	EndGlobalSection
EndGlobal
