
Microsoft Visual Studio Solution File, Format Version 12.00
# Visual Studio 15
VisualStudioVersion = 15.0.28010.0
MinimumVisualStudioVersion = 10.0.40219.1
Project("{FAE04EC0-301F-11D3-BF4B-00C04F79EFBC}") = "DashboardUI", "DashboardUI\DashboardUI.csproj", "{04097839-77C7-4DBA-99DC-7DB2D9CD1CEC}"
EndProject
Global
	GlobalSection(SolutionConfigurationPlatforms) = preSolution
		Debug|Any CPU = Debug|Any CPU
		Release|Any CPU = Release|Any CPU
	EndGlobalSection
	GlobalSection(ProjectConfigurationPlatforms) = postSolution
		{04097839-77C7-4DBA-99DC-7DB2D9CD1CEC}.Debug|Any CPU.ActiveCfg = Debug|Any CPU
		{04097839-77C7-4DBA-99DC-7DB2D9CD1CEC}.Debug|Any CPU.Build.0 = Debug|Any CPU
		{04097839-77C7-4DBA-99DC-7DB2D9CD1CEC}.Release|Any CPU.ActiveCfg = Release|Any CPU
		{04097839-77C7-4DBA-99DC-7DB2D9CD1CEC}.Release|Any CPU.Build.0 = Release|Any CPU
	EndGlobalSection
	GlobalSection(SolutionProperties) = preSolution
		HideSolutionNode = FALSE
	EndGlobalSection
	GlobalSection(ExtensibilityGlobals) = postSolution
		SolutionGuid = {CE95D66B-73D2-43E6-B0F1-EA4628A46DC6}
	EndGlobalSection
EndGlobal
